
Microsoft Visual Studio Solution File, Format Version 12.00
# Visual Studio Version 17
VisualStudioVersion = 17.10.35013.160
MinimumVisualStudioVersion = 10.0.40219.1
Project("{8BC9CEB8-8B4A-11D0-8D11-00A0C91BC942}") = "WECompressor", "WECompressor.vcxproj", "{9D1890F9-3F24-4D8D-A1C3-FF57886F4D09}"
EndProject
Project("{8BC9CEB8-8B4A-11D0-8D11-00A0C91BC942}") = "Utils", "..\Utils\Utils.vcxproj", "{961156B1-9350-47DF-AEC3-F45C7BCA1111}"
EndProject
Project("{FAE04EC0-301F-11D3-BF4B-00C04F79EFBC}") = "frmTest", "..\frmTest\frmTest.csproj", "{5719DB50-FCEA-4E4C-A782-471B904FCA7D}"
EndProject
Global
	GlobalSection(SolutionConfigurationPlatforms) = preSolution
		Debug|Any CPU = Debug|Any CPU
		Debug|Win32 = Debug|Win32
		Debug|x64 = Debug|x64
		Release|Any CPU = Release|Any CPU
		Release|Win32 = Release|Win32
		Release|x64 = Release|x64
	EndGlobalSection
	GlobalSection(ProjectConfigurationPlatforms) = postSolution
		{9D1890F9-3F24-4D8D-A1C3-FF57886F4D09}.Debug|Any CPU.ActiveCfg = Debug|Win32
		{9D1890F9-3F24-4D8D-A1C3-FF57886F4D09}.Debug|Win32.ActiveCfg = Debug|Win32
		{9D1890F9-3F24-4D8D-A1C3-FF57886F4D09}.Debug|Win32.Build.0 = Debug|Win32
		{9D1890F9-3F24-4D8D-A1C3-FF57886F4D09}.Debug|x64.ActiveCfg = Debug|Win32
		{9D1890F9-3F24-4D8D-A1C3-FF57886F4D09}.Release|Any CPU.ActiveCfg = Release|Win32
		{9D1890F9-3F24-4D8D-A1C3-FF57886F4D09}.Release|Win32.ActiveCfg = Release|Win32
		{9D1890F9-3F24-4D8D-A1C3-FF57886F4D09}.Release|Win32.Build.0 = Release|Win32
		{9D1890F9-3F24-4D8D-A1C3-FF57886F4D09}.Release|x64.ActiveCfg = Release|Win32
		{961156B1-9350-47DF-AEC3-F45C7BCA1111}.Debug|Any CPU.ActiveCfg = Debug|Win32
		{961156B1-9350-47DF-AEC3-F45C7BCA1111}.Debug|Win32.ActiveCfg = Debug|Win32
		{961156B1-9350-47DF-AEC3-F45C7BCA1111}.Debug|Win32.Build.0 = Debug|Win32
		{961156B1-9350-47DF-AEC3-F45C7BCA1111}.Debug|x64.ActiveCfg = Debug|x64
		{961156B1-9350-47DF-AEC3-F45C7BCA1111}.Debug|x64.Build.0 = Debug|x64
		{961156B1-9350-47DF-AEC3-F45C7BCA1111}.Release|Any CPU.ActiveCfg = Release|Win32
		{961156B1-9350-47DF-AEC3-F45C7BCA1111}.Release|Win32.ActiveCfg = Release|Win32
		{961156B1-9350-47DF-AEC3-F45C7BCA1111}.Release|Win32.Build.0 = Release|Win32
		{961156B1-9350-47DF-AEC3-F45C7BCA1111}.Release|x64.ActiveCfg = Release|x64
		{961156B1-9350-47DF-AEC3-F45C7BCA1111}.Release|x64.Build.0 = Release|x64
		{5719DB50-FCEA-4E4C-A782-471B904FCA7D}.Debug|Any CPU.ActiveCfg = Debug|Any CPU
		{5719DB50-FCEA-4E4C-A782-471B904FCA7D}.Debug|Any CPU.Build.0 = Debug|Any CPU
		{5719DB50-FCEA-4E4C-A782-471B904FCA7D}.Debug|Win32.ActiveCfg = Debug|Any CPU
		{5719DB50-FCEA-4E4C-A782-471B904FCA7D}.Debug|Win32.Build.0 = Debug|Any CPU
		{5719DB50-FCEA-4E4C-A782-471B904FCA7D}.Debug|x64.ActiveCfg = Debug|Any CPU
		{5719DB50-FCEA-4E4C-A782-471B904FCA7D}.Debug|x64.Build.0 = Debug|Any CPU
		{5719DB50-FCEA-4E4C-A782-471B904FCA7D}.Release|Any CPU.ActiveCfg = Release|Any CPU
		{5719DB50-FCEA-4E4C-A782-471B904FCA7D}.Release|Any CPU.Build.0 = Release|Any CPU
		{5719DB50-FCEA-4E4C-A782-471B904FCA7D}.Release|Win32.ActiveCfg = Release|Any CPU
		{5719DB50-FCEA-4E4C-A782-471B904FCA7D}.Release|Win32.Build.0 = Release|Any CPU
		{5719DB50-FCEA-4E4C-A782-471B904FCA7D}.Release|x64.ActiveCfg = Release|Any CPU
		{5719DB50-FCEA-4E4C-A782-471B904FCA7D}.Release|x64.Build.0 = Release|Any CPU
	EndGlobalSection
	GlobalSection(SolutionProperties) = preSolution
		HideSolutionNode = FALSE
	EndGlobalSection
EndGlobal
